
Microsoft Visual Studio Solution File, Format Version 12.00
# Visual Studio 15
VisualStudioVersion = 15.0.28307.136
MinimumVisualStudioVersion = 10.0.40219.1
Project("{FAE04EC0-301F-11D3-BF4B-00C04F79EFBC}") = "MLGBot", "MLGBot\MLGBot.csproj", "{C03E4FA9-04CF-4223-89B1-A469266D7092}"
EndProject
Global
	GlobalSection(SolutionConfigurationPlatforms) = preSolution
		Debug|Any CPU = Debug|Any CPU
		Release|Any CPU = Release|Any CPU
	EndGlobalSection
	GlobalSection(ProjectConfigurationPlatforms) = postSolution
		{C03E4FA9-04CF-4223-89B1-A469266D7092}.Debug|Any CPU.ActiveCfg = Debug|Any CPU
		{C03E4FA9-04CF-4223-89B1-A469266D7092}.Debug|Any CPU.Build.0 = Debug|Any CPU
		{C03E4FA9-04CF-4223-89B1-A469266D7092}.Release|Any CPU.ActiveCfg = Release|Any CPU
		{C03E4FA9-04CF-4223-89B1-A469266D7092}.Release|Any CPU.Build.0 = Release|Any CPU
	EndGlobalSection
	GlobalSection(SolutionProperties) = preSolution
		HideSolutionNode = FALSE
	EndGlobalSection
	GlobalSection(ExtensibilityGlobals) = postSolution
		SolutionGuid = {4D522799-D7AD-4D9E-AD5C-A0183F3F10BA}
	EndGlobalSection
EndGlobal
